
Microsoft Visual Studio Solution File, Format Version 12.00
# Visual Studio Version 17
VisualStudioVersion = 17.0.31903.59
MinimumVisualStudioVersion = 10.0.40219.1
Project("{2150E333-8FDC-42A3-9474-1A3956D46DE8}") = "Day2", "Day2", "{0F7079F7-E55D-ED73-0375-19BFE3B19470}"
EndProject
Project("{2150E333-8FDC-42A3-9474-1A3956D46DE8}") = "Day1", "Day1", "{A80DBF83-DCD5-128A-3B07-83B9CCE4E82C}"
EndProject
Project("{2150E333-8FDC-42A3-9474-1A3956D46DE8}") = "Day3", "Day3", "{0D665604-C928-4F15-2E39-29EE6604C658}"
EndProject
Project("{FAE04EC0-301F-11D3-BF4B-00C04F79EFBC}") = "Day1Puzzle1", "Day1\Puzzle1\Day1Puzzle1.csproj", "{3D6037AA-BB47-4A1B-A21B-1FD616422C64}"
EndProject
Project("{FAE04EC0-301F-11D3-BF4B-00C04F79EFBC}") = "Day1Puzzle2", "Day1\Puzzle2\Day1Puzzle2.csproj", "{9AD1A08A-2F85-4640-BA83-8E293076D8F4}"
EndProject
Project("{FAE04EC0-301F-11D3-BF4B-00C04F79EFBC}") = "Day2Puzzle1", "Day2\Puzzle1\Day2Puzzle1.csproj", "{5F859971-D89E-4018-A853-D574D4CBE7A9}"
EndProject
Project("{FAE04EC0-301F-11D3-BF4B-00C04F79EFBC}") = "Day2Puzzle2", "Day2\Puzzle2\Day2Puzzle2.csproj", "{FAAED1E3-92C4-496E-868F-B46DAD65943B}"
EndProject
Project("{FAE04EC0-301F-11D3-BF4B-00C04F79EFBC}") = "Day3Puzzle1", "Day3\Puzzle1\Day3Puzzle1.csproj", "{1D2F96C4-3AC5-4C0A-8A68-C0A2D8FA7F01}"
EndProject
Project("{FAE04EC0-301F-11D3-BF4B-00C04F79EFBC}") = "Day3Puzzle2", "Day3\Puzzle2\Day3Puzzle2.csproj", "{C28E1DB9-44FC-4618-9F49-2F4F5DE1BAD2}"
EndProject
Global
	GlobalSection(SolutionConfigurationPlatforms) = preSolution
		Debug|Any CPU = Debug|Any CPU
		Debug|x64 = Debug|x64
		Debug|x86 = Debug|x86
		Release|Any CPU = Release|Any CPU
		Release|x64 = Release|x64
		Release|x86 = Release|x86
	EndGlobalSection
	GlobalSection(ProjectConfigurationPlatforms) = postSolution
		{3D6037AA-BB47-4A1B-A21B-1FD616422C64}.Debug|Any CPU.ActiveCfg = Debug|Any CPU
		{3D6037AA-BB47-4A1B-A21B-1FD616422C64}.Debug|Any CPU.Build.0 = Debug|Any CPU
		{3D6037AA-BB47-4A1B-A21B-1FD616422C64}.Debug|x64.ActiveCfg = Debug|Any CPU
		{3D6037AA-BB47-4A1B-A21B-1FD616422C64}.Debug|x64.Build.0 = Debug|Any CPU
		{3D6037AA-BB47-4A1B-A21B-1FD616422C64}.Debug|x86.ActiveCfg = Debug|Any CPU
		{3D6037AA-BB47-4A1B-A21B-1FD616422C64}.Debug|x86.Build.0 = Debug|Any CPU
		{3D6037AA-BB47-4A1B-A21B-1FD616422C64}.Release|Any CPU.ActiveCfg = Release|Any CPU
		{3D6037AA-BB47-4A1B-A21B-1FD616422C64}.Release|Any CPU.Build.0 = Release|Any CPU
		{3D6037AA-BB47-4A1B-A21B-1FD616422C64}.Release|x64.ActiveCfg = Release|Any CPU
		{3D6037AA-BB47-4A1B-A21B-1FD616422C64}.Release|x64.Build.0 = Release|Any CPU
		{3D6037AA-BB47-4A1B-A21B-1FD616422C64}.Release|x86.ActiveCfg = Release|Any CPU
		{3D6037AA-BB47-4A1B-A21B-1FD616422C64}.Release|x86.Build.0 = Release|Any CPU
		{9AD1A08A-2F85-4640-BA83-8E293076D8F4}.Debug|Any CPU.ActiveCfg = Debug|Any CPU
		{9AD1A08A-2F85-4640-BA83-8E293076D8F4}.Debug|Any CPU.Build.0 = Debug|Any CPU
		{9AD1A08A-2F85-4640-BA83-8E293076D8F4}.Debug|x64.ActiveCfg = Debug|Any CPU
		{9AD1A08A-2F85-4640-BA83-8E293076D8F4}.Debug|x64.Build.0 = Debug|Any CPU
		{9AD1A08A-2F85-4640-BA83-8E293076D8F4}.Debug|x86.ActiveCfg = Debug|Any CPU
		{9AD1A08A-2F85-4640-BA83-8E293076D8F4}.Debug|x86.Build.0 = Debug|Any CPU
		{9AD1A08A-2F85-4640-BA83-8E293076D8F4}.Release|Any CPU.ActiveCfg = Release|Any CPU
		{9AD1A08A-2F85-4640-BA83-8E293076D8F4}.Release|Any CPU.Build.0 = Release|Any CPU
		{9AD1A08A-2F85-4640-BA83-8E293076D8F4}.Release|x64.ActiveCfg = Release|Any CPU
		{9AD1A08A-2F85-4640-BA83-8E293076D8F4}.Release|x64.Build.0 = Release|Any CPU
		{9AD1A08A-2F85-4640-BA83-8E293076D8F4}.Release|x86.ActiveCfg = Release|Any CPU
		{9AD1A08A-2F85-4640-BA83-8E293076D8F4}.Release|x86.Build.0 = Release|Any CPU
		{5F859971-D89E-4018-A853-D574D4CBE7A9}.Debug|Any CPU.ActiveCfg = Debug|Any CPU
		{5F859971-D89E-4018-A853-D574D4CBE7A9}.Debug|Any CPU.Build.0 = Debug|Any CPU
		{5F859971-D89E-4018-A853-D574D4CBE7A9}.Debug|x64.ActiveCfg = Debug|Any CPU
		{5F859971-D89E-4018-A853-D574D4CBE7A9}.Debug|x64.Build.0 = Debug|Any CPU
		{5F859971-D89E-4018-A853-D574D4CBE7A9}.Debug|x86.ActiveCfg = Debug|Any CPU
		{5F859971-D89E-4018-A853-D574D4CBE7A9}.Debug|x86.Build.0 = Debug|Any CPU
		{5F859971-D89E-4018-A853-D574D4CBE7A9}.Release|Any CPU.ActiveCfg = Release|Any CPU
		{5F859971-D89E-4018-A853-D574D4CBE7A9}.Release|Any CPU.Build.0 = Release|Any CPU
		{5F859971-D89E-4018-A853-D574D4CBE7A9}.Release|x64.ActiveCfg = Release|Any CPU
		{5F859971-D89E-4018-A853-D574D4CBE7A9}.Release|x64.Build.0 = Release|Any CPU
		{5F859971-D89E-4018-A853-D574D4CBE7A9}.Release|x86.ActiveCfg = Release|Any CPU
		{5F859971-D89E-4018-A853-D574D4CBE7A9}.Release|x86.Build.0 = Release|Any CPU
		{FAAED1E3-92C4-496E-868F-B46DAD65943B}.Debug|Any CPU.ActiveCfg = Debug|Any CPU
		{FAAED1E3-92C4-496E-868F-B46DAD65943B}.Debug|Any CPU.Build.0 = Debug|Any CPU
		{FAAED1E3-92C4-496E-868F-B46DAD65943B}.Debug|x64.ActiveCfg = Debug|Any CPU
		{FAAED1E3-92C4-496E-868F-B46DAD65943B}.Debug|x64.Build.0 = Debug|Any CPU
		{FAAED1E3-92C4-496E-868F-B46DAD65943B}.Debug|x86.ActiveCfg = Debug|Any CPU
		{FAAED1E3-92C4-496E-868F-B46DAD65943B}.Debug|x86.Build.0 = Debug|Any CPU
		{FAAED1E3-92C4-496E-868F-B46DAD65943B}.Release|Any CPU.ActiveCfg = Release|Any CPU
		{FAAED1E3-92C4-496E-868F-B46DAD65943B}.Release|Any CPU.Build.0 = Release|Any CPU
		{FAAED1E3-92C4-496E-868F-B46DAD65943B}.Release|x64.ActiveCfg = Release|Any CPU
		{FAAED1E3-92C4-496E-868F-B46DAD65943B}.Release|x64.Build.0 = Release|Any CPU
		{FAAED1E3-92C4-496E-868F-B46DAD65943B}.Release|x86.ActiveCfg = Release|Any CPU
		{FAAED1E3-92C4-496E-868F-B46DAD65943B}.Release|x86.Build.0 = Release|Any CPU
		{1D2F96C4-3AC5-4C0A-8A68-C0A2D8FA7F01}.Debug|Any CPU.ActiveCfg = Debug|Any CPU
		{1D2F96C4-3AC5-4C0A-8A68-C0A2D8FA7F01}.Debug|Any CPU.Build.0 = Debug|Any CPU
		{1D2F96C4-3AC5-4C0A-8A68-C0A2D8FA7F01}.Debug|x64.ActiveCfg = Debug|Any CPU
		{1D2F96C4-3AC5-4C0A-8A68-C0A2D8FA7F01}.Debug|x64.Build.0 = Debug|Any CPU
		{1D2F96C4-3AC5-4C0A-8A68-C0A2D8FA7F01}.Debug|x86.ActiveCfg = Debug|Any CPU
		{1D2F96C4-3AC5-4C0A-8A68-C0A2D8FA7F01}.Debug|x86.Build.0 = Debug|Any CPU
		{1D2F96C4-3AC5-4C0A-8A68-C0A2D8FA7F01}.Release|Any CPU.ActiveCfg = Release|Any CPU
		{1D2F96C4-3AC5-4C0A-8A68-C0A2D8FA7F01}.Release|Any CPU.Build.0 = Release|Any CPU
		{1D2F96C4-3AC5-4C0A-8A68-C0A2D8FA7F01}.Release|x64.ActiveCfg = Release|Any CPU
		{1D2F96C4-3AC5-4C0A-8A68-C0A2D8FA7F01}.Release|x64.Build.0 = Release|Any CPU
		{1D2F96C4-3AC5-4C0A-8A68-C0A2D8FA7F01}.Release|x86.ActiveCfg = Release|Any CPU
		{1D2F96C4-3AC5-4C0A-8A68-C0A2D8FA7F01}.Release|x86.Build.0 = Release|Any CPU
		{C28E1DB9-44FC-4618-9F49-2F4F5DE1BAD2}.Debug|Any CPU.ActiveCfg = Debug|Any CPU
		{C28E1DB9-44FC-4618-9F49-2F4F5DE1BAD2}.Debug|Any CPU.Build.0 = Debug|Any CPU
		{C28E1DB9-44FC-4618-9F49-2F4F5DE1BAD2}.Debug|x64.ActiveCfg = Debug|Any CPU
		{C28E1DB9-44FC-4618-9F49-2F4F5DE1BAD2}.Debug|x64.Build.0 = Debug|Any CPU
		{C28E1DB9-44FC-4618-9F49-2F4F5DE1BAD2}.Debug|x86.ActiveCfg = Debug|Any CPU
		{C28E1DB9-44FC-4618-9F49-2F4F5DE1BAD2}.Debug|x86.Build.0 = Debug|Any CPU
		{C28E1DB9-44FC-4618-9F49-2F4F5DE1BAD2}.Release|Any CPU.ActiveCfg = Release|Any CPU
		{C28E1DB9-44FC-4618-9F49-2F4F5DE1BAD2}.Release|Any CPU.Build.0 = Release|Any CPU
		{C28E1DB9-44FC-4618-9F49-2F4F5DE1BAD2}.Release|x64.ActiveCfg = Release|Any CPU
		{C28E1DB9-44FC-4618-9F49-2F4F5DE1BAD2}.Release|x64.Build.0 = Release|Any CPU
		{C28E1DB9-44FC-4618-9F49-2F4F5DE1BAD2}.Release|x86.ActiveCfg = Release|Any CPU
		{C28E1DB9-44FC-4618-9F49-2F4F5DE1BAD2}.Release|x86.Build.0 = Release|Any CPU
	EndGlobalSection
	GlobalSection(SolutionProperties) = preSolution
		HideSolutionNode = FALSE
	EndGlobalSection
	GlobalSection(NestedProjects) = preSolution
		{3D6037AA-BB47-4A1B-A21B-1FD616422C64} = {A80DBF83-DCD5-128A-3B07-83B9CCE4E82C}
		{9AD1A08A-2F85-4640-BA83-8E293076D8F4} = {A80DBF83-DCD5-128A-3B07-83B9CCE4E82C}
		{5F859971-D89E-4018-A853-D574D4CBE7A9} = {0F7079F7-E55D-ED73-0375-19BFE3B19470}
		{FAAED1E3-92C4-496E-868F-B46DAD65943B} = {0F7079F7-E55D-ED73-0375-19BFE3B19470}
		{1D2F96C4-3AC5-4C0A-8A68-C0A2D8FA7F01} = {0D665604-C928-4F15-2E39-29EE6604C658}
		{C28E1DB9-44FC-4618-9F49-2F4F5DE1BAD2} = {0D665604-C928-4F15-2E39-29EE6604C658}
	EndGlobalSection
EndGlobal
